
Microsoft Visual Studio Solution File, Format Version 12.00
# Visual Studio Version 17
VisualStudioVersion = 17.0.31825.309
MinimumVisualStudioVersion = 10.0.40219.1
Project("{9A19103F-16F7-4668-BE54-9A1E7A4F7556}") = "CityLight.Forms", "CityLight.Forms\CityLight.Forms.csproj", "{B7510889-319B-49FB-A090-71EBF47595A9}"
EndProject
Project("{FAE04EC0-301F-11D3-BF4B-00C04F79EFBC}") = "CityLight.Service", "CityLight.Service\CityLight.Service.csproj", "{09E80EEE-18EA-4DA1-A4AD-3AEE81373B73}"
EndProject
Project("{9A19103F-16F7-4668-BE54-9A1E7A4F7556}") = "CityLight.Models", "CityLight.Models\CityLight.Models.csproj", "{5763AFDF-5F39-4D5B-8858-8469CA0204AF}"
EndProject
Project("{FAE04EC0-301F-11D3-BF4B-00C04F79EFBC}") = "CityLight.Repository", "CityLight.Repository\CityLight.Repository.csproj", "{FC734B5B-06AA-4B06-B193-430A8E517EBB}"
EndProject
Global
	GlobalSection(SolutionConfigurationPlatforms) = preSolution
		Debug|Any CPU = Debug|Any CPU
		Release|Any CPU = Release|Any CPU
	EndGlobalSection
	GlobalSection(ProjectConfigurationPlatforms) = postSolution
		{B7510889-319B-49FB-A090-71EBF47595A9}.Debug|Any CPU.ActiveCfg = Debug|Any CPU
		{B7510889-319B-49FB-A090-71EBF47595A9}.Debug|Any CPU.Build.0 = Debug|Any CPU
		{B7510889-319B-49FB-A090-71EBF47595A9}.Release|Any CPU.ActiveCfg = Release|Any CPU
		{B7510889-319B-49FB-A090-71EBF47595A9}.Release|Any CPU.Build.0 = Release|Any CPU
		{09E80EEE-18EA-4DA1-A4AD-3AEE81373B73}.Debug|Any CPU.ActiveCfg = Debug|Any CPU
		{09E80EEE-18EA-4DA1-A4AD-3AEE81373B73}.Debug|Any CPU.Build.0 = Debug|Any CPU
		{09E80EEE-18EA-4DA1-A4AD-3AEE81373B73}.Release|Any CPU.ActiveCfg = Release|Any CPU
		{09E80EEE-18EA-4DA1-A4AD-3AEE81373B73}.Release|Any CPU.Build.0 = Release|Any CPU
		{5763AFDF-5F39-4D5B-8858-8469CA0204AF}.Debug|Any CPU.ActiveCfg = Debug|Any CPU
		{5763AFDF-5F39-4D5B-8858-8469CA0204AF}.Debug|Any CPU.Build.0 = Debug|Any CPU
		{5763AFDF-5F39-4D5B-8858-8469CA0204AF}.Release|Any CPU.ActiveCfg = Release|Any CPU
		{5763AFDF-5F39-4D5B-8858-8469CA0204AF}.Release|Any CPU.Build.0 = Release|Any CPU
		{FC734B5B-06AA-4B06-B193-430A8E517EBB}.Debug|Any CPU.ActiveCfg = Debug|Any CPU
		{FC734B5B-06AA-4B06-B193-430A8E517EBB}.Debug|Any CPU.Build.0 = Debug|Any CPU
		{FC734B5B-06AA-4B06-B193-430A8E517EBB}.Release|Any CPU.ActiveCfg = Release|Any CPU
		{FC734B5B-06AA-4B06-B193-430A8E517EBB}.Release|Any CPU.Build.0 = Release|Any CPU
	EndGlobalSection
	GlobalSection(SolutionProperties) = preSolution
		HideSolutionNode = FALSE
	EndGlobalSection
	GlobalSection(ExtensibilityGlobals) = postSolution
		SolutionGuid = {559B2742-888E-4CDF-9D9C-E48D36C92F7E}
	EndGlobalSection
EndGlobal
